
Microsoft Visual Studio Solution File, Format Version 12.00
# Visual Studio Version 16
VisualStudioVersion = 16.0.29326.143
MinimumVisualStudioVersion = 10.0.40219.1
Project("{FAE04EC0-301F-11D3-BF4B-00C04F79EFBC}") = "Day19_recap", "Day19_recap\Day19_recap.csproj", "{4967A824-2F8E-4CF2-B133-31650A7799B9}"
EndProject
Project("{FAE04EC0-301F-11D3-BF4B-00C04F79EFBC}") = "Day20_Ants", "Day20_Ants\Day20_Ants.csproj", "{021BDAA5-798E-4B3F-9444-7A68388A65DD}"
EndProject
Project("{FAE04EC0-301F-11D3-BF4B-00C04F79EFBC}") = "Day20_static", "Day20_static\Day20_static.csproj", "{92551119-0A9C-402A-85D9-8A584DB7EE5B}"
EndProject
Project("{FAE04EC0-301F-11D3-BF4B-00C04F79EFBC}") = "Day20_Polymorphism", "Day20_Polymorphism\Day20_Polymorphism.csproj", "{FCDD6EA2-FD0D-4B72-A5A8-428740E78C27}"
EndProject
Project("{FAE04EC0-301F-11D3-BF4B-00C04F79EFBC}") = "Day20_Poly_DrawingShapes", "Day20_Poly_DrawingShapes\Day20_Poly_DrawingShapes.csproj", "{16E94CE3-440E-4845-9385-AFDFE4925421}"
EndProject
Project("{FAE04EC0-301F-11D3-BF4B-00C04F79EFBC}") = "Day20_sealed", "Day20_sealed\Day20_sealed.csproj", "{1F093418-FA06-4BAC-9743-B78100A564AA}"
EndProject
Project("{FAE04EC0-301F-11D3-BF4B-00C04F79EFBC}") = "Day20_virtual_base", "Day20_virtual_base\Day20_virtual_base.csproj", "{726C973E-7F6E-493F-823F-06FD52EDF225}"
EndProject
Global
	GlobalSection(SolutionConfigurationPlatforms) = preSolution
		Debug|Any CPU = Debug|Any CPU
		Release|Any CPU = Release|Any CPU
	EndGlobalSection
	GlobalSection(ProjectConfigurationPlatforms) = postSolution
		{4967A824-2F8E-4CF2-B133-31650A7799B9}.Debug|Any CPU.ActiveCfg = Debug|Any CPU
		{4967A824-2F8E-4CF2-B133-31650A7799B9}.Debug|Any CPU.Build.0 = Debug|Any CPU
		{4967A824-2F8E-4CF2-B133-31650A7799B9}.Release|Any CPU.ActiveCfg = Release|Any CPU
		{4967A824-2F8E-4CF2-B133-31650A7799B9}.Release|Any CPU.Build.0 = Release|Any CPU
		{021BDAA5-798E-4B3F-9444-7A68388A65DD}.Debug|Any CPU.ActiveCfg = Debug|Any CPU
		{021BDAA5-798E-4B3F-9444-7A68388A65DD}.Debug|Any CPU.Build.0 = Debug|Any CPU
		{021BDAA5-798E-4B3F-9444-7A68388A65DD}.Release|Any CPU.ActiveCfg = Release|Any CPU
		{021BDAA5-798E-4B3F-9444-7A68388A65DD}.Release|Any CPU.Build.0 = Release|Any CPU
		{92551119-0A9C-402A-85D9-8A584DB7EE5B}.Debug|Any CPU.ActiveCfg = Debug|Any CPU
		{92551119-0A9C-402A-85D9-8A584DB7EE5B}.Debug|Any CPU.Build.0 = Debug|Any CPU
		{92551119-0A9C-402A-85D9-8A584DB7EE5B}.Release|Any CPU.ActiveCfg = Release|Any CPU
		{92551119-0A9C-402A-85D9-8A584DB7EE5B}.Release|Any CPU.Build.0 = Release|Any CPU
		{FCDD6EA2-FD0D-4B72-A5A8-428740E78C27}.Debug|Any CPU.ActiveCfg = Debug|Any CPU
		{FCDD6EA2-FD0D-4B72-A5A8-428740E78C27}.Debug|Any CPU.Build.0 = Debug|Any CPU
		{FCDD6EA2-FD0D-4B72-A5A8-428740E78C27}.Release|Any CPU.ActiveCfg = Release|Any CPU
		{FCDD6EA2-FD0D-4B72-A5A8-428740E78C27}.Release|Any CPU.Build.0 = Release|Any CPU
		{16E94CE3-440E-4845-9385-AFDFE4925421}.Debug|Any CPU.ActiveCfg = Debug|Any CPU
		{16E94CE3-440E-4845-9385-AFDFE4925421}.Debug|Any CPU.Build.0 = Debug|Any CPU
		{16E94CE3-440E-4845-9385-AFDFE4925421}.Release|Any CPU.ActiveCfg = Release|Any CPU
		{16E94CE3-440E-4845-9385-AFDFE4925421}.Release|Any CPU.Build.0 = Release|Any CPU
		{1F093418-FA06-4BAC-9743-B78100A564AA}.Debug|Any CPU.ActiveCfg = Debug|Any CPU
		{1F093418-FA06-4BAC-9743-B78100A564AA}.Debug|Any CPU.Build.0 = Debug|Any CPU
		{1F093418-FA06-4BAC-9743-B78100A564AA}.Release|Any CPU.ActiveCfg = Release|Any CPU
		{1F093418-FA06-4BAC-9743-B78100A564AA}.Release|Any CPU.Build.0 = Release|Any CPU
		{726C973E-7F6E-493F-823F-06FD52EDF225}.Debug|Any CPU.ActiveCfg = Debug|Any CPU
		{726C973E-7F6E-493F-823F-06FD52EDF225}.Debug|Any CPU.Build.0 = Debug|Any CPU
		{726C973E-7F6E-493F-823F-06FD52EDF225}.Release|Any CPU.ActiveCfg = Release|Any CPU
		{726C973E-7F6E-493F-823F-06FD52EDF225}.Release|Any CPU.Build.0 = Release|Any CPU
	EndGlobalSection
	GlobalSection(SolutionProperties) = preSolution
		HideSolutionNode = FALSE
	EndGlobalSection
	GlobalSection(ExtensibilityGlobals) = postSolution
		SolutionGuid = {7BD24642-6749-44A5-848B-E69FD5B16D4F}
	EndGlobalSection
EndGlobal
