
Microsoft Visual Studio Solution File, Format Version 12.00
# Visual Studio Version 16
VisualStudioVersion = 16.0.29326.143
MinimumVisualStudioVersion = 10.0.40219.1
Project("{9A19103F-16F7-4668-BE54-9A1E7A4F7556}") = "Day18_QA", "Day18_QA\Day18_QA.csproj", "{4F3A2C4E-EE93-4E1A-9F65-18280C9D12AB}"
EndProject
Project("{9A19103F-16F7-4668-BE54-9A1E7A4F7556}") = "Day19_Properties", "Day19_Properties\Day19_Properties.csproj", "{9F8C7B57-4270-4544-852E-FA20EB9D5F73}"
EndProject
Project("{FAE04EC0-301F-11D3-BF4B-00C04F79EFBC}") = "Day19_Movie", "Day19_Movie\Day19_Movie.csproj", "{4A20E772-F567-416D-8AD2-28BD12293A00}"
EndProject
Project("{FAE04EC0-301F-11D3-BF4B-00C04F79EFBC}") = "Day19_Mom", "Day19_Mom\Day19_Mom.csproj", "{2C6B7338-BF76-4E8A-97FE-F8A4B69BC9AC}"
EndProject
Project("{FAE04EC0-301F-11D3-BF4B-00C04F79EFBC}") = "Day19_Inheritance", "Day19_Inheritance\Day19_Inheritance.csproj", "{31B24A91-69AA-4677-A06E-1FC6E04396B7}"
EndProject
Global
	GlobalSection(SolutionConfigurationPlatforms) = preSolution
		Debug|Any CPU = Debug|Any CPU
		Release|Any CPU = Release|Any CPU
	EndGlobalSection
	GlobalSection(ProjectConfigurationPlatforms) = postSolution
		{4F3A2C4E-EE93-4E1A-9F65-18280C9D12AB}.Debug|Any CPU.ActiveCfg = Debug|Any CPU
		{4F3A2C4E-EE93-4E1A-9F65-18280C9D12AB}.Debug|Any CPU.Build.0 = Debug|Any CPU
		{4F3A2C4E-EE93-4E1A-9F65-18280C9D12AB}.Release|Any CPU.ActiveCfg = Release|Any CPU
		{4F3A2C4E-EE93-4E1A-9F65-18280C9D12AB}.Release|Any CPU.Build.0 = Release|Any CPU
		{9F8C7B57-4270-4544-852E-FA20EB9D5F73}.Debug|Any CPU.ActiveCfg = Debug|Any CPU
		{9F8C7B57-4270-4544-852E-FA20EB9D5F73}.Debug|Any CPU.Build.0 = Debug|Any CPU
		{9F8C7B57-4270-4544-852E-FA20EB9D5F73}.Release|Any CPU.ActiveCfg = Release|Any CPU
		{9F8C7B57-4270-4544-852E-FA20EB9D5F73}.Release|Any CPU.Build.0 = Release|Any CPU
		{4A20E772-F567-416D-8AD2-28BD12293A00}.Debug|Any CPU.ActiveCfg = Debug|Any CPU
		{4A20E772-F567-416D-8AD2-28BD12293A00}.Debug|Any CPU.Build.0 = Debug|Any CPU
		{4A20E772-F567-416D-8AD2-28BD12293A00}.Release|Any CPU.ActiveCfg = Release|Any CPU
		{4A20E772-F567-416D-8AD2-28BD12293A00}.Release|Any CPU.Build.0 = Release|Any CPU
		{2C6B7338-BF76-4E8A-97FE-F8A4B69BC9AC}.Debug|Any CPU.ActiveCfg = Debug|Any CPU
		{2C6B7338-BF76-4E8A-97FE-F8A4B69BC9AC}.Debug|Any CPU.Build.0 = Debug|Any CPU
		{2C6B7338-BF76-4E8A-97FE-F8A4B69BC9AC}.Release|Any CPU.ActiveCfg = Release|Any CPU
		{2C6B7338-BF76-4E8A-97FE-F8A4B69BC9AC}.Release|Any CPU.Build.0 = Release|Any CPU
		{31B24A91-69AA-4677-A06E-1FC6E04396B7}.Debug|Any CPU.ActiveCfg = Debug|Any CPU
		{31B24A91-69AA-4677-A06E-1FC6E04396B7}.Debug|Any CPU.Build.0 = Debug|Any CPU
		{31B24A91-69AA-4677-A06E-1FC6E04396B7}.Release|Any CPU.ActiveCfg = Release|Any CPU
		{31B24A91-69AA-4677-A06E-1FC6E04396B7}.Release|Any CPU.Build.0 = Release|Any CPU
	EndGlobalSection
	GlobalSection(SolutionProperties) = preSolution
		HideSolutionNode = FALSE
	EndGlobalSection
	GlobalSection(ExtensibilityGlobals) = postSolution
		SolutionGuid = {58DC4076-4E89-4CB8-BE9B-E9ABFA9D76F6}
	EndGlobalSection
EndGlobal
