
Microsoft Visual Studio Solution File, Format Version 12.00
# Visual Studio Version 16
VisualStudioVersion = 16.0.29326.143
MinimumVisualStudioVersion = 10.0.40219.1
Project("{FAE04EC0-301F-11D3-BF4B-00C04F79EFBC}") = "Day17_OOP_Human", "Day17_OOP_Human\Day17_OOP_Human.csproj", "{4BB901EB-264A-460B-8A46-5677BBF1FD34}"
EndProject
Project("{FAE04EC0-301F-11D3-BF4B-00C04F79EFBC}") = "Day17_OOP_Car", "Day17_OOP_Car\Day17_OOP_Car.csproj", "{ABF36714-E368-4670-9BFB-CD8D8EBB4658}"
EndProject
Project("{FAE04EC0-301F-11D3-BF4B-00C04F79EFBC}") = "Day17_OOP_Refrigerator", "Day17_OOP_Refrigerator\Day17_OOP_Refrigerator.csproj", "{89544627-A472-437A-B0A0-868C7695D32F}"
EndProject
Project("{FAE04EC0-301F-11D3-BF4B-00C04F79EFBC}") = "Day17_OOP_Box", "Day17_OOP_Box\Day17_OOP_Box.csproj", "{E5341822-EC35-4A40-AEB5-D4E1EBFBDB2F}"
EndProject
Project("{FAE04EC0-301F-11D3-BF4B-00C04F79EFBC}") = "Day17_OOP_Closet", "Day17_OOP_Closet\Day17_OOP_Closet.csproj", "{6D952982-479E-4D5B-8D76-F9DF5DDBB413}"
EndProject
Global
	GlobalSection(SolutionConfigurationPlatforms) = preSolution
		Debug|Any CPU = Debug|Any CPU
		Release|Any CPU = Release|Any CPU
	EndGlobalSection
	GlobalSection(ProjectConfigurationPlatforms) = postSolution
		{4BB901EB-264A-460B-8A46-5677BBF1FD34}.Debug|Any CPU.ActiveCfg = Debug|Any CPU
		{4BB901EB-264A-460B-8A46-5677BBF1FD34}.Debug|Any CPU.Build.0 = Debug|Any CPU
		{4BB901EB-264A-460B-8A46-5677BBF1FD34}.Release|Any CPU.ActiveCfg = Release|Any CPU
		{4BB901EB-264A-460B-8A46-5677BBF1FD34}.Release|Any CPU.Build.0 = Release|Any CPU
		{ABF36714-E368-4670-9BFB-CD8D8EBB4658}.Debug|Any CPU.ActiveCfg = Debug|Any CPU
		{ABF36714-E368-4670-9BFB-CD8D8EBB4658}.Debug|Any CPU.Build.0 = Debug|Any CPU
		{ABF36714-E368-4670-9BFB-CD8D8EBB4658}.Release|Any CPU.ActiveCfg = Release|Any CPU
		{ABF36714-E368-4670-9BFB-CD8D8EBB4658}.Release|Any CPU.Build.0 = Release|Any CPU
		{89544627-A472-437A-B0A0-868C7695D32F}.Debug|Any CPU.ActiveCfg = Debug|Any CPU
		{89544627-A472-437A-B0A0-868C7695D32F}.Debug|Any CPU.Build.0 = Debug|Any CPU
		{89544627-A472-437A-B0A0-868C7695D32F}.Release|Any CPU.ActiveCfg = Release|Any CPU
		{89544627-A472-437A-B0A0-868C7695D32F}.Release|Any CPU.Build.0 = Release|Any CPU
		{E5341822-EC35-4A40-AEB5-D4E1EBFBDB2F}.Debug|Any CPU.ActiveCfg = Debug|Any CPU
		{E5341822-EC35-4A40-AEB5-D4E1EBFBDB2F}.Debug|Any CPU.Build.0 = Debug|Any CPU
		{E5341822-EC35-4A40-AEB5-D4E1EBFBDB2F}.Release|Any CPU.ActiveCfg = Release|Any CPU
		{E5341822-EC35-4A40-AEB5-D4E1EBFBDB2F}.Release|Any CPU.Build.0 = Release|Any CPU
		{6D952982-479E-4D5B-8D76-F9DF5DDBB413}.Debug|Any CPU.ActiveCfg = Debug|Any CPU
		{6D952982-479E-4D5B-8D76-F9DF5DDBB413}.Debug|Any CPU.Build.0 = Debug|Any CPU
		{6D952982-479E-4D5B-8D76-F9DF5DDBB413}.Release|Any CPU.ActiveCfg = Release|Any CPU
		{6D952982-479E-4D5B-8D76-F9DF5DDBB413}.Release|Any CPU.Build.0 = Release|Any CPU
	EndGlobalSection
	GlobalSection(SolutionProperties) = preSolution
		HideSolutionNode = FALSE
	EndGlobalSection
	GlobalSection(ExtensibilityGlobals) = postSolution
		SolutionGuid = {688D0A1C-2DFF-417B-B19B-C030019BA9AB}
	EndGlobalSection
EndGlobal
