
Microsoft Visual Studio Solution File, Format Version 12.00
# Visual Studio Version 16
VisualStudioVersion = 16.0.29326.143
MinimumVisualStudioVersion = 10.0.40219.1
Project("{9A19103F-16F7-4668-BE54-9A1E7A4F7556}") = "Day4_Recap", "Day4_Recap\Day4_Recap.csproj", "{28AAFB2D-1E19-4848-BC20-4DA37DFCFFF7}"
EndProject
Project("{FAE04EC0-301F-11D3-BF4B-00C04F79EFBC}") = "Day5_CantConvertToNumber", "Day5_CantConvertToNumber\Day5_CantConvertToNumber.csproj", "{7A913B9B-19BF-4A8E-8E96-C1332059A14B}"
EndProject
Project("{FAE04EC0-301F-11D3-BF4B-00C04F79EFBC}") = "Day5_Enum", "Day5_Enum\Day5_Enum.csproj", "{B4A60E12-ADE8-40F8-A678-D9D33A392471}"
EndProject
Project("{FAE04EC0-301F-11D3-BF4B-00C04F79EFBC}") = "Day5_While", "Day5_While\Day5_While.csproj", "{C91A0C9C-BDC8-4FAF-BD70-D6A3B31779E2}"
EndProject
Project("{FAE04EC0-301F-11D3-BF4B-00C04F79EFBC}") = "Day5_SimpleLoop", "Day5_SimpleLoop\Day5_SimpleLoop.csproj", "{ECAB8804-895A-4663-A51F-0078F1950F92}"
EndProject
Global
	GlobalSection(SolutionConfigurationPlatforms) = preSolution
		Debug|Any CPU = Debug|Any CPU
		Release|Any CPU = Release|Any CPU
	EndGlobalSection
	GlobalSection(ProjectConfigurationPlatforms) = postSolution
		{28AAFB2D-1E19-4848-BC20-4DA37DFCFFF7}.Debug|Any CPU.ActiveCfg = Debug|Any CPU
		{28AAFB2D-1E19-4848-BC20-4DA37DFCFFF7}.Debug|Any CPU.Build.0 = Debug|Any CPU
		{28AAFB2D-1E19-4848-BC20-4DA37DFCFFF7}.Release|Any CPU.ActiveCfg = Release|Any CPU
		{28AAFB2D-1E19-4848-BC20-4DA37DFCFFF7}.Release|Any CPU.Build.0 = Release|Any CPU
		{7A913B9B-19BF-4A8E-8E96-C1332059A14B}.Debug|Any CPU.ActiveCfg = Debug|Any CPU
		{7A913B9B-19BF-4A8E-8E96-C1332059A14B}.Debug|Any CPU.Build.0 = Debug|Any CPU
		{7A913B9B-19BF-4A8E-8E96-C1332059A14B}.Release|Any CPU.ActiveCfg = Release|Any CPU
		{7A913B9B-19BF-4A8E-8E96-C1332059A14B}.Release|Any CPU.Build.0 = Release|Any CPU
		{B4A60E12-ADE8-40F8-A678-D9D33A392471}.Debug|Any CPU.ActiveCfg = Debug|Any CPU
		{B4A60E12-ADE8-40F8-A678-D9D33A392471}.Debug|Any CPU.Build.0 = Debug|Any CPU
		{B4A60E12-ADE8-40F8-A678-D9D33A392471}.Release|Any CPU.ActiveCfg = Release|Any CPU
		{B4A60E12-ADE8-40F8-A678-D9D33A392471}.Release|Any CPU.Build.0 = Release|Any CPU
		{C91A0C9C-BDC8-4FAF-BD70-D6A3B31779E2}.Debug|Any CPU.ActiveCfg = Debug|Any CPU
		{C91A0C9C-BDC8-4FAF-BD70-D6A3B31779E2}.Debug|Any CPU.Build.0 = Debug|Any CPU
		{C91A0C9C-BDC8-4FAF-BD70-D6A3B31779E2}.Release|Any CPU.ActiveCfg = Release|Any CPU
		{C91A0C9C-BDC8-4FAF-BD70-D6A3B31779E2}.Release|Any CPU.Build.0 = Release|Any CPU
		{ECAB8804-895A-4663-A51F-0078F1950F92}.Debug|Any CPU.ActiveCfg = Debug|Any CPU
		{ECAB8804-895A-4663-A51F-0078F1950F92}.Debug|Any CPU.Build.0 = Debug|Any CPU
		{ECAB8804-895A-4663-A51F-0078F1950F92}.Release|Any CPU.ActiveCfg = Release|Any CPU
		{ECAB8804-895A-4663-A51F-0078F1950F92}.Release|Any CPU.Build.0 = Release|Any CPU
	EndGlobalSection
	GlobalSection(SolutionProperties) = preSolution
		HideSolutionNode = FALSE
	EndGlobalSection
	GlobalSection(ExtensibilityGlobals) = postSolution
		SolutionGuid = {3AAAEB8C-3F51-40EA-B3F3-DECD2CEA5763}
	EndGlobalSection
EndGlobal
