
Microsoft Visual Studio Solution File, Format Version 12.00
# Visual Studio Version 16
VisualStudioVersion = 16.0.29326.143
MinimumVisualStudioVersion = 10.0.40219.1
Project("{FAE04EC0-301F-11D3-BF4B-00C04F79EFBC}") = "Day7_recap", "Day7_recap\Day7_recap.csproj", "{67C70C43-5643-44CA-94BB-D2F20C70CF99}"
EndProject
Project("{FAE04EC0-301F-11D3-BF4B-00C04F79EFBC}") = "Day8_rainbow", "Day8_rainbow\Day8_rainbow.csproj", "{3DD3ACC4-1CC2-4603-A3A4-C9532F76F87B}"
EndProject
Project("{FAE04EC0-301F-11D3-BF4B-00C04F79EFBC}") = "Day8_rainbow_advanced", "Day8_rainbow_advanced\Day8_rainbow_advanced.csproj", "{DCC0BD26-F5B8-49A0-A3A7-E44380A2DE7D}"
EndProject
Project("{FAE04EC0-301F-11D3-BF4B-00C04F79EFBC}") = "Day8_stringMethods", "Day8_stringMethods\Day8_stringMethods.csproj", "{D9F6CE35-1AD9-427B-8DDF-38B49C632095}"
EndProject
Project("{FAE04EC0-301F-11D3-BF4B-00C04F79EFBC}") = "Day8_percentageSign", "Day8_percentageSign\Day8_percentageSign.csproj", "{19F661EF-006F-4721-9A17-DFDD0AE693F4}"
EndProject
Project("{FAE04EC0-301F-11D3-BF4B-00C04F79EFBC}") = "Day8_InputOutputLoop", "Day8_InputOutputLoop\Day8_InputOutputLoop.csproj", "{F84F008D-8340-4B9F-8641-17F48E2F1A43}"
EndProject
Global
	GlobalSection(SolutionConfigurationPlatforms) = preSolution
		Debug|Any CPU = Debug|Any CPU
		Release|Any CPU = Release|Any CPU
	EndGlobalSection
	GlobalSection(ProjectConfigurationPlatforms) = postSolution
		{67C70C43-5643-44CA-94BB-D2F20C70CF99}.Debug|Any CPU.ActiveCfg = Debug|Any CPU
		{67C70C43-5643-44CA-94BB-D2F20C70CF99}.Debug|Any CPU.Build.0 = Debug|Any CPU
		{67C70C43-5643-44CA-94BB-D2F20C70CF99}.Release|Any CPU.ActiveCfg = Release|Any CPU
		{67C70C43-5643-44CA-94BB-D2F20C70CF99}.Release|Any CPU.Build.0 = Release|Any CPU
		{3DD3ACC4-1CC2-4603-A3A4-C9532F76F87B}.Debug|Any CPU.ActiveCfg = Debug|Any CPU
		{3DD3ACC4-1CC2-4603-A3A4-C9532F76F87B}.Debug|Any CPU.Build.0 = Debug|Any CPU
		{3DD3ACC4-1CC2-4603-A3A4-C9532F76F87B}.Release|Any CPU.ActiveCfg = Release|Any CPU
		{3DD3ACC4-1CC2-4603-A3A4-C9532F76F87B}.Release|Any CPU.Build.0 = Release|Any CPU
		{DCC0BD26-F5B8-49A0-A3A7-E44380A2DE7D}.Debug|Any CPU.ActiveCfg = Debug|Any CPU
		{DCC0BD26-F5B8-49A0-A3A7-E44380A2DE7D}.Debug|Any CPU.Build.0 = Debug|Any CPU
		{DCC0BD26-F5B8-49A0-A3A7-E44380A2DE7D}.Release|Any CPU.ActiveCfg = Release|Any CPU
		{DCC0BD26-F5B8-49A0-A3A7-E44380A2DE7D}.Release|Any CPU.Build.0 = Release|Any CPU
		{D9F6CE35-1AD9-427B-8DDF-38B49C632095}.Debug|Any CPU.ActiveCfg = Debug|Any CPU
		{D9F6CE35-1AD9-427B-8DDF-38B49C632095}.Debug|Any CPU.Build.0 = Debug|Any CPU
		{D9F6CE35-1AD9-427B-8DDF-38B49C632095}.Release|Any CPU.ActiveCfg = Release|Any CPU
		{D9F6CE35-1AD9-427B-8DDF-38B49C632095}.Release|Any CPU.Build.0 = Release|Any CPU
		{19F661EF-006F-4721-9A17-DFDD0AE693F4}.Debug|Any CPU.ActiveCfg = Debug|Any CPU
		{19F661EF-006F-4721-9A17-DFDD0AE693F4}.Debug|Any CPU.Build.0 = Debug|Any CPU
		{19F661EF-006F-4721-9A17-DFDD0AE693F4}.Release|Any CPU.ActiveCfg = Release|Any CPU
		{19F661EF-006F-4721-9A17-DFDD0AE693F4}.Release|Any CPU.Build.0 = Release|Any CPU
		{F84F008D-8340-4B9F-8641-17F48E2F1A43}.Debug|Any CPU.ActiveCfg = Debug|Any CPU
		{F84F008D-8340-4B9F-8641-17F48E2F1A43}.Debug|Any CPU.Build.0 = Debug|Any CPU
		{F84F008D-8340-4B9F-8641-17F48E2F1A43}.Release|Any CPU.ActiveCfg = Release|Any CPU
		{F84F008D-8340-4B9F-8641-17F48E2F1A43}.Release|Any CPU.Build.0 = Release|Any CPU
	EndGlobalSection
	GlobalSection(SolutionProperties) = preSolution
		HideSolutionNode = FALSE
	EndGlobalSection
	GlobalSection(ExtensibilityGlobals) = postSolution
		SolutionGuid = {A838B22A-C8B9-42FF-85E3-7684ABCEBB73}
	EndGlobalSection
EndGlobal
