
Microsoft Visual Studio Solution File, Format Version 12.00
# Visual Studio Version 16
VisualStudioVersion = 16.0.29326.143
MinimumVisualStudioVersion = 10.0.40219.1
Project("{FAE04EC0-301F-11D3-BF4B-00C04F79EFBC}") = "Day11_recap_methods", "Day11_recap_methods\Day11_recap_methods.csproj", "{A7800BB1-011B-4729-97DF-C4D98CC5C5A4}"
EndProject
Project("{FAE04EC0-301F-11D3-BF4B-00C04F79EFBC}") = "Day12_method_overloading", "Day12_method_overloading\Day12_method_overloading.csproj", "{63EDC1DA-4824-4EFF-8A83-192492D27FB7}"
EndProject
Project("{FAE04EC0-301F-11D3-BF4B-00C04F79EFBC}") = "Day12_method_defaultValue", "Day12_method_defaultValue\Day12_method_defaultValue.csproj", "{CF33909F-9EA4-4D84-8E52-75E50F26E461}"
EndProject
Project("{FAE04EC0-301F-11D3-BF4B-00C04F79EFBC}") = "Day12_method_differentFile", "Day12_method_differentFile\Day12_method_differentFile.csproj", "{09969166-2976-4037-845B-3355B90AC981}"
EndProject
Project("{FAE04EC0-301F-11D3-BF4B-00C04F79EFBC}") = "Day12_TicTacToe", "Day12_TicTacToe\Day12_TicTacToe.csproj", "{5898E224-A092-4DFA-B791-F5FF5250E833}"
EndProject
Global
	GlobalSection(SolutionConfigurationPlatforms) = preSolution
		Debug|Any CPU = Debug|Any CPU
		Release|Any CPU = Release|Any CPU
	EndGlobalSection
	GlobalSection(ProjectConfigurationPlatforms) = postSolution
		{A7800BB1-011B-4729-97DF-C4D98CC5C5A4}.Debug|Any CPU.ActiveCfg = Debug|Any CPU
		{A7800BB1-011B-4729-97DF-C4D98CC5C5A4}.Debug|Any CPU.Build.0 = Debug|Any CPU
		{A7800BB1-011B-4729-97DF-C4D98CC5C5A4}.Release|Any CPU.ActiveCfg = Release|Any CPU
		{A7800BB1-011B-4729-97DF-C4D98CC5C5A4}.Release|Any CPU.Build.0 = Release|Any CPU
		{63EDC1DA-4824-4EFF-8A83-192492D27FB7}.Debug|Any CPU.ActiveCfg = Debug|Any CPU
		{63EDC1DA-4824-4EFF-8A83-192492D27FB7}.Debug|Any CPU.Build.0 = Debug|Any CPU
		{63EDC1DA-4824-4EFF-8A83-192492D27FB7}.Release|Any CPU.ActiveCfg = Release|Any CPU
		{63EDC1DA-4824-4EFF-8A83-192492D27FB7}.Release|Any CPU.Build.0 = Release|Any CPU
		{CF33909F-9EA4-4D84-8E52-75E50F26E461}.Debug|Any CPU.ActiveCfg = Debug|Any CPU
		{CF33909F-9EA4-4D84-8E52-75E50F26E461}.Debug|Any CPU.Build.0 = Debug|Any CPU
		{CF33909F-9EA4-4D84-8E52-75E50F26E461}.Release|Any CPU.ActiveCfg = Release|Any CPU
		{CF33909F-9EA4-4D84-8E52-75E50F26E461}.Release|Any CPU.Build.0 = Release|Any CPU
		{09969166-2976-4037-845B-3355B90AC981}.Debug|Any CPU.ActiveCfg = Debug|Any CPU
		{09969166-2976-4037-845B-3355B90AC981}.Debug|Any CPU.Build.0 = Debug|Any CPU
		{09969166-2976-4037-845B-3355B90AC981}.Release|Any CPU.ActiveCfg = Release|Any CPU
		{09969166-2976-4037-845B-3355B90AC981}.Release|Any CPU.Build.0 = Release|Any CPU
		{5898E224-A092-4DFA-B791-F5FF5250E833}.Debug|Any CPU.ActiveCfg = Debug|Any CPU
		{5898E224-A092-4DFA-B791-F5FF5250E833}.Debug|Any CPU.Build.0 = Debug|Any CPU
		{5898E224-A092-4DFA-B791-F5FF5250E833}.Release|Any CPU.ActiveCfg = Release|Any CPU
		{5898E224-A092-4DFA-B791-F5FF5250E833}.Release|Any CPU.Build.0 = Release|Any CPU
	EndGlobalSection
	GlobalSection(SolutionProperties) = preSolution
		HideSolutionNode = FALSE
	EndGlobalSection
	GlobalSection(ExtensibilityGlobals) = postSolution
		SolutionGuid = {AEB4B823-1F2E-42F9-91A4-6FD13A106D82}
	EndGlobalSection
EndGlobal
